// !$*UTF8*$!
{
	archiveVersion = 1;
	classes = {
	};
	objectVersion = 56;
	objects = {

/* Begin PBXBuildFile section */
		0D1DD2152A267E5C00240865 /* LocalNotification.swift in Sources */ = {isa = PBXBuildFile; fileRef = 0D1DD2142A267E5C00240865 /* LocalNotification.swift */; };
		0DFD2BA32A25262E00DB9FD4 /* LocalNotificationManager.swift in Sources */ = {isa = PBXBuildFile; fileRef = 0DFD2BA22A25262E00DB9FD4 /* LocalNotificationManager.swift */; };
		0DFE78AE2A29278B00BFEA29 /* NotificationManager.swift in Sources */ = {isa = PBXBuildFile; fileRef = 0DFE78AD2A29278B00BFEA29 /* NotificationManager.swift */; };
		0DFE78B02A292AFE00BFEA29 /* NotificationView.swift in Sources */ = {isa = PBXBuildFile; fileRef = 0DFE78AF2A292AFE00BFEA29 /* NotificationView.swift */; };
		A4B8C09E2A1D3438008FE8BE /* challengeMacarronadaApp.swift in Sources */ = {isa = PBXBuildFile; fileRef = A4B8C09D2A1D3438008FE8BE /* challengeMacarronadaApp.swift */; };
		A4B8C0A22A1D343A008FE8BE /* Assets.xcassets in Resources */ = {isa = PBXBuildFile; fileRef = A4B8C0A12A1D343A008FE8BE /* Assets.xcassets */; };
		A4B8C0A52A1D343A008FE8BE /* Preview Assets.xcassets in Resources */ = {isa = PBXBuildFile; fileRef = A4B8C0A42A1D343A008FE8BE /* Preview Assets.xcassets */; };
		A4B8C0AE2A1D3661008FE8BE /* Image.swift in Sources */ = {isa = PBXBuildFile; fileRef = A4B8C0AD2A1D3661008FE8BE /* Image.swift */; };
		A4B8C0B02A1D3C16008FE8BE /* Color.swift in Sources */ = {isa = PBXBuildFile; fileRef = A4B8C0AF2A1D3C16008FE8BE /* Color.swift */; };
/* End PBXBuildFile section */

/* Begin PBXFileReference section */
		0D1DD2142A267E5C00240865 /* LocalNotification.swift */ = {isa = PBXFileReference; lastKnownFileType = sourcecode.swift; path = LocalNotification.swift; sourceTree = "<group>"; };
		0DFD2BA22A25262E00DB9FD4 /* LocalNotificationManager.swift */ = {isa = PBXFileReference; lastKnownFileType = sourcecode.swift; path = LocalNotificationManager.swift; sourceTree = "<group>"; };
		0DFE78AD2A29278B00BFEA29 /* NotificationManager.swift */ = {isa = PBXFileReference; lastKnownFileType = sourcecode.swift; path = NotificationManager.swift; sourceTree = "<group>"; };
		0DFE78AF2A292AFE00BFEA29 /* NotificationView.swift */ = {isa = PBXFileReference; lastKnownFileType = sourcecode.swift; path = NotificationView.swift; sourceTree = "<group>"; };
		A4B8C09A2A1D3438008FE8BE /* challengeMacarronada.app */ = {isa = PBXFileReference; explicitFileType = wrapper.application; includeInIndex = 0; path = challengeMacarronada.app; sourceTree = BUILT_PRODUCTS_DIR; };
		A4B8C09D2A1D3438008FE8BE /* challengeMacarronadaApp.swift */ = {isa = PBXFileReference; lastKnownFileType = sourcecode.swift; path = challengeMacarronadaApp.swift; sourceTree = "<group>"; };
		A4B8C0A12A1D343A008FE8BE /* Assets.xcassets */ = {isa = PBXFileReference; lastKnownFileType = folder.assetcatalog; path = Assets.xcassets; sourceTree = "<group>"; };
		A4B8C0A42A1D343A008FE8BE /* Preview Assets.xcassets */ = {isa = PBXFileReference; lastKnownFileType = folder.assetcatalog; path = "Preview Assets.xcassets"; sourceTree = "<group>"; };
		A4B8C0A62A1D343A008FE8BE /* challengeMacarronada.entitlements */ = {isa = PBXFileReference; lastKnownFileType = text.plist.entitlements; path = challengeMacarronada.entitlements; sourceTree = "<group>"; };
		A4B8C0AD2A1D3661008FE8BE /* Image.swift */ = {isa = PBXFileReference; lastKnownFileType = sourcecode.swift; path = Image.swift; sourceTree = "<group>"; };
		A4B8C0AF2A1D3C16008FE8BE /* Color.swift */ = {isa = PBXFileReference; lastKnownFileType = sourcecode.swift; path = Color.swift; sourceTree = "<group>"; };
/* End PBXFileReference section */

/* Begin PBXFrameworksBuildPhase section */
		A4B8C0972A1D3438008FE8BE /* Frameworks */ = {
			isa = PBXFrameworksBuildPhase;
			buildActionMask = 2147483647;
			files = (
			);
			runOnlyForDeploymentPostprocessing = 0;
		};
/* End PBXFrameworksBuildPhase section */

/* Begin PBXGroup section */
		0DFD2BA12A25261800DB9FD4 /* Managers */ = {
			isa = PBXGroup;
			children = (
				0DFD2BA22A25262E00DB9FD4 /* LocalNotificationManager.swift */,
				0DFE78AD2A29278B00BFEA29 /* NotificationManager.swift */,
			);
			path = Managers;
			sourceTree = "<group>";
		};
		0DFD2BA42A253BF900DB9FD4 /* Views */ = {
			isa = PBXGroup;
			children = (
				0DFE78AF2A292AFE00BFEA29 /* NotificationView.swift */,
			);
			path = Views;
			sourceTree = "<group>";
		};
		A4B8C0912A1D3438008FE8BE = {
			isa = PBXGroup;
			children = (
				A4B8C09C2A1D3438008FE8BE /* challengeMacarronada */,
				A4B8C09B2A1D3438008FE8BE /* Products */,
			);
			sourceTree = "<group>";
		};
		A4B8C09B2A1D3438008FE8BE /* Products */ = {
			isa = PBXGroup;
			children = (
				A4B8C09A2A1D3438008FE8BE /* challengeMacarronada.app */,
			);
			name = Products;
			sourceTree = "<group>";
		};
		A4B8C09C2A1D3438008FE8BE /* challengeMacarronada */ = {
			isa = PBXGroup;
			children = (
				0D1DD2142A267E5C00240865 /* LocalNotification.swift */,
				0DFD2BA42A253BF900DB9FD4 /* Views */,
				0DFD2BA12A25261800DB9FD4 /* Managers */,
				A4B8C0AC2A1D3651008FE8BE /* Extensions */,
				A4B8C09D2A1D3438008FE8BE /* challengeMacarronadaApp.swift */,
				A4B8C0A12A1D343A008FE8BE /* Assets.xcassets */,
				A4B8C0A62A1D343A008FE8BE /* challengeMacarronada.entitlements */,
				A4B8C0A32A1D343A008FE8BE /* Preview Content */,
			);
			path = challengeMacarronada;
			sourceTree = "<group>";
		};
		A4B8C0A32A1D343A008FE8BE /* Preview Content */ = {
			isa = PBXGroup;
			children = (
				A4B8C0A42A1D343A008FE8BE /* Preview Assets.xcassets */,
			);
			path = "Preview Content";
			sourceTree = "<group>";
		};
		A4B8C0AC2A1D3651008FE8BE /* Extensions */ = {
			isa = PBXGroup;
			children = (
				A4B8C0AD2A1D3661008FE8BE /* Image.swift */,
				A4B8C0AF2A1D3C16008FE8BE /* Color.swift */,
			);
			path = Extensions;
			sourceTree = "<group>";
		};
/* End PBXGroup section */

/* Begin PBXNativeTarget section */
		A4B8C0992A1D3438008FE8BE /* challengeMacarronada */ = {
			isa = PBXNativeTarget;
			buildConfigurationList = A4B8C0A92A1D343A008FE8BE /* Build configuration list for PBXNativeTarget "challengeMacarronada" */;
			buildPhases = (
				A4B8C0962A1D3438008FE8BE /* Sources */,
				A4B8C0972A1D3438008FE8BE /* Frameworks */,
				A4B8C0982A1D3438008FE8BE /* Resources */,
			);
			buildRules = (
			);
			dependencies = (
			);
			name = challengeMacarronada;
			productName = challengeMacarronada;
			productReference = A4B8C09A2A1D3438008FE8BE /* challengeMacarronada.app */;
			productType = "com.apple.product-type.application";
		};
/* End PBXNativeTarget section */

/* Begin PBXProject section */
		A4B8C0922A1D3438008FE8BE /* Project object */ = {
			isa = PBXProject;
			attributes = {
				BuildIndependentTargetsInParallel = 1;
				LastSwiftUpdateCheck = 1420;
				LastUpgradeCheck = 1420;
				TargetAttributes = {
					A4B8C0992A1D3438008FE8BE = {
						CreatedOnToolsVersion = 14.2;
					};
				};
			};
			buildConfigurationList = A4B8C0952A1D3438008FE8BE /* Build configuration list for PBXProject "challengeMacarronada" */;
			compatibilityVersion = "Xcode 14.0";
			developmentRegion = en;
			hasScannedForEncodings = 0;
			knownRegions = (
				en,
				Base,
			);
			mainGroup = A4B8C0912A1D3438008FE8BE;
			productRefGroup = A4B8C09B2A1D3438008FE8BE /* Products */;
			projectDirPath = "";
			projectRoot = "";
			targets = (
				A4B8C0992A1D3438008FE8BE /* challengeMacarronada */,
			);
		};
/* End PBXProject section */

/* Begin PBXResourcesBuildPhase section */
		A4B8C0982A1D3438008FE8BE /* Resources */ = {
			isa = PBXResourcesBuildPhase;
			buildActionMask = 2147483647;
			files = (
				A4B8C0A52A1D343A008FE8BE /* Preview Assets.xcassets in Resources */,
				A4B8C0A22A1D343A008FE8BE /* Assets.xcassets in Resources */,
			);
			runOnlyForDeploymentPostprocessing = 0;
		};
/* End PBXResourcesBuildPhase section */

/* Begin PBXSourcesBuildPhase section */
		A4B8C0962A1D3438008FE8BE /* Sources */ = {
			isa = PBXSourcesBuildPhase;
			buildActionMask = 2147483647;
			files = (
				A4B8C0B02A1D3C16008FE8BE /* Color.swift in Sources */,
				0D1DD2152A267E5C00240865 /* LocalNotification.swift in Sources */,
				0DFE78B02A292AFE00BFEA29 /* NotificationView.swift in Sources */,
				0DFD2BA32A25262E00DB9FD4 /* LocalNotificationManager.swift in Sources */,
				0DFE78AE2A29278B00BFEA29 /* NotificationManager.swift in Sources */,
				A4B8C0AE2A1D3661008FE8BE /* Image.swift in Sources */,
				A4B8C09E2A1D3438008FE8BE /* challengeMacarronadaApp.swift in Sources */,
			);
			runOnlyForDeploymentPostprocessing = 0;
		};
/* End PBXSourcesBuildPhase section */

/* Begin XCBuildConfiguration section */
		A4B8C0A72A1D343A008FE8BE /* Debug */ = {
			isa = XCBuildConfiguration;
			buildSettings = {
				ALWAYS_SEARCH_USER_PATHS = NO;
				CLANG_ANALYZER_NONNULL = YES;
				CLANG_ANALYZER_NUMBER_OBJECT_CONVERSION = YES_AGGRESSIVE;
				CLANG_CXX_LANGUAGE_STANDARD = "gnu++20";
				CLANG_ENABLE_MODULES = YES;
				CLANG_ENABLE_OBJC_ARC = YES;
				CLANG_ENABLE_OBJC_WEAK = YES;
				CLANG_WARN_BLOCK_CAPTURE_AUTORELEASING = YES;
				CLANG_WARN_BOOL_CONVERSION = YES;
				CLANG_WARN_COMMA = YES;
				CLANG_WARN_CONSTANT_CONVERSION = YES;
				CLANG_WARN_DEPRECATED_OBJC_IMPLEMENTATIONS = YES;
				CLANG_WARN_DIRECT_OBJC_ISA_USAGE = YES_ERROR;
				CLANG_WARN_DOCUMENTATION_COMMENTS = YES;
				CLANG_WARN_EMPTY_BODY = YES;
				CLANG_WARN_ENUM_CONVERSION = YES;
				CLANG_WARN_INFINITE_RECURSION = YES;
				CLANG_WARN_INT_CONVERSION = YES;
				CLANG_WARN_NON_LITERAL_NULL_CONVERSION = YES;
				CLANG_WARN_OBJC_IMPLICIT_RETAIN_SELF = YES;
				CLANG_WARN_OBJC_LITERAL_CONVERSION = YES;
				CLANG_WARN_OBJC_ROOT_CLASS = YES_ERROR;
				CLANG_WARN_QUOTED_INCLUDE_IN_FRAMEWORK_HEADER = YES;
				CLANG_WARN_RANGE_LOOP_ANALYSIS = YES;
				CLANG_WARN_STRICT_PROTOTYPES = YES;
				CLANG_WARN_SUSPICIOUS_MOVE = YES;
				CLANG_WARN_UNGUARDED_AVAILABILITY = YES_AGGRESSIVE;
				CLANG_WARN_UNREACHABLE_CODE = YES;
				CLANG_WARN__DUPLICATE_METHOD_MATCH = YES;
				COPY_PHASE_STRIP = NO;
				DEBUG_INFORMATION_FORMAT = dwarf;
				ENABLE_STRICT_OBJC_MSGSEND = YES;
				ENABLE_TESTABILITY = YES;
				GCC_C_LANGUAGE_STANDARD = gnu11;
				GCC_DYNAMIC_NO_PIC = NO;
				GCC_NO_COMMON_BLOCKS = YES;
				GCC_OPTIMIZATION_LEVEL = 0;
				GCC_PREPROCESSOR_DEFINITIONS = (
					"DEBUG=1",
					"$(inherited)",
				);
				GCC_WARN_64_TO_32_BIT_CONVERSION = YES;
				GCC_WARN_ABOUT_RETURN_TYPE = YES_ERROR;
				GCC_WARN_UNDECLARED_SELECTOR = YES;
				GCC_WARN_UNINITIALIZED_AUTOS = YES_AGGRESSIVE;
				GCC_WARN_UNUSED_FUNCTION = YES;
				GCC_WARN_UNUSED_VARIABLE = YES;
				MACOSX_DEPLOYMENT_TARGET = 13.1;
				MTL_ENABLE_DEBUG_INFO = INCLUDE_SOURCE;
				MTL_FAST_MATH = YES;
				ONLY_ACTIVE_ARCH = YES;
				SDKROOT = macosx;
				SWIFT_ACTIVE_COMPILATION_CONDITIONS = DEBUG;
				SWIFT_OPTIMIZATION_LEVEL = "-Onone";
			};
			name = Debug;
		};
		A4B8C0A82A1D343A008FE8BE /* Release */ = {
			isa = XCBuildConfiguration;
			buildSettings = {
				ALWAYS_SEARCH_USER_PATHS = NO;
				CLANG_ANALYZER_NONNULL = YES;
				CLANG_ANALYZER_NUMBER_OBJECT_CONVERSION = YES_AGGRESSIVE;
				CLANG_CXX_LANGUAGE_STANDARD = "gnu++20";
				CLANG_ENABLE_MODULES = YES;
				CLANG_ENABLE_OBJC_ARC = YES;
				CLANG_ENABLE_OBJC_WEAK = YES;
				CLANG_WARN_BLOCK_CAPTURE_AUTORELEASING = YES;
				CLANG_WARN_BOOL_CONVERSION = YES;
				CLANG_WARN_COMMA = YES;
				CLANG_WARN_CONSTANT_CONVERSION = YES;
				CLANG_WARN_DEPRECATED_OBJC_IMPLEMENTATIONS = YES;
				CLANG_WARN_DIRECT_OBJC_ISA_USAGE = YES_ERROR;
				CLANG_WARN_DOCUMENTATION_COMMENTS = YES;
				CLANG_WARN_EMPTY_BODY = YES;
				CLANG_WARN_ENUM_CONVERSION = YES;
				CLANG_WARN_INFINITE_RECURSION = YES;
				CLANG_WARN_INT_CONVERSION = YES;
				CLANG_WARN_NON_LITERAL_NULL_CONVERSION = YES;
				CLANG_WARN_OBJC_IMPLICIT_RETAIN_SELF = YES;
				CLANG_WARN_OBJC_LITERAL_CONVERSION = YES;
				CLANG_WARN_OBJC_ROOT_CLASS = YES_ERROR;
				CLANG_WARN_QUOTED_INCLUDE_IN_FRAMEWORK_HEADER = YES;
				CLANG_WARN_RANGE_LOOP_ANALYSIS = YES;
				CLANG_WARN_STRICT_PROTOTYPES = YES;
				CLANG_WARN_SUSPICIOUS_MOVE = YES;
				CLANG_WARN_UNGUARDED_AVAILABILITY = YES_AGGRESSIVE;
				CLANG_WARN_UNREACHABLE_CODE = YES;
				CLANG_WARN__DUPLICATE_METHOD_MATCH = YES;
				COPY_PHASE_STRIP = NO;
				DEBUG_INFORMATION_FORMAT = "dwarf-with-dsym";
				ENABLE_NS_ASSERTIONS = NO;
				ENABLE_STRICT_OBJC_MSGSEND = YES;
				GCC_C_LANGUAGE_STANDARD = gnu11;
				GCC_NO_COMMON_BLOCKS = YES;
				GCC_WARN_64_TO_32_BIT_CONVERSION = YES;
				GCC_WARN_ABOUT_RETURN_TYPE = YES_ERROR;
				GCC_WARN_UNDECLARED_SELECTOR = YES;
				GCC_WARN_UNINITIALIZED_AUTOS = YES_AGGRESSIVE;
				GCC_WARN_UNUSED_FUNCTION = YES;
				GCC_WARN_UNUSED_VARIABLE = YES;
				MACOSX_DEPLOYMENT_TARGET = 13.1;
				MTL_ENABLE_DEBUG_INFO = NO;
				MTL_FAST_MATH = YES;
				SDKROOT = macosx;
				SWIFT_COMPILATION_MODE = wholemodule;
				SWIFT_OPTIMIZATION_LEVEL = "-O";
			};
			name = Release;
		};
		A4B8C0AA2A1D343A008FE8BE /* Debug */ = {
			isa = XCBuildConfiguration;
			buildSettings = {
				ASSETCATALOG_COMPILER_APPICON_NAME = AppIcon;
				ASSETCATALOG_COMPILER_GLOBAL_ACCENT_COLOR_NAME = AccentColor;
				CODE_SIGN_ENTITLEMENTS = challengeMacarronada/challengeMacarronada.entitlements;
				"CODE_SIGN_IDENTITY[sdk=macosx*]" = "Apple Development";
				CODE_SIGN_STYLE = Automatic;
				COMBINE_HIDPI_IMAGES = YES;
				CURRENT_PROJECT_VERSION = 1;
				DEVELOPMENT_ASSET_PATHS = "\"challengeMacarronada/Preview Content\"";
				DEVELOPMENT_TEAM = GMAYGR5U3T;
				ENABLE_HARDENED_RUNTIME = YES;
				ENABLE_PREVIEWS = YES;
				GENERATE_INFOPLIST_FILE = YES;
				INFOPLIST_KEY_NSHumanReadableCopyright = "";
				LD_RUNPATH_SEARCH_PATHS = (
					"$(inherited)",
					"@executable_path/../Frameworks",
				);
				MARKETING_VERSION = 1.0;
				PRODUCT_BUNDLE_IDENTIFIER = br.ufpe.cin.academy.challengeMacarronada;
				PRODUCT_NAME = "$(TARGET_NAME)";
				SWIFT_EMIT_LOC_STRINGS = YES;
				SWIFT_VERSION = 5.0;
			};
			name = Debug;
		};
		A4B8C0AB2A1D343A008FE8BE /* Release */ = {
			isa = XCBuildConfiguration;
			buildSettings = {
				ASSETCATALOG_COMPILER_APPICON_NAME = AppIcon;
				ASSETCATALOG_COMPILER_GLOBAL_ACCENT_COLOR_NAME = AccentColor;
				CODE_SIGN_ENTITLEMENTS = challengeMacarronada/challengeMacarronada.entitlements;
				"CODE_SIGN_IDENTITY[sdk=macosx*]" = "Apple Development";
				CODE_SIGN_STYLE = Automatic;
				COMBINE_HIDPI_IMAGES = YES;
				CURRENT_PROJECT_VERSION = 1;
				DEVELOPMENT_ASSET_PATHS = "\"challengeMacarronada/Preview Content\"";
				DEVELOPMENT_TEAM = GMAYGR5U3T;
				ENABLE_HARDENED_RUNTIME = YES;
				ENABLE_PREVIEWS = YES;
				GENERATE_INFOPLIST_FILE = YES;
				INFOPLIST_KEY_NSHumanReadableCopyright = "";
				LD_RUNPATH_SEARCH_PATHS = (
					"$(inherited)",
					"@executable_path/../Frameworks",
				);
				MARKETING_VERSION = 1.0;
				PRODUCT_BUNDLE_IDENTIFIER = br.ufpe.cin.academy.challengeMacarronada;
				PRODUCT_NAME = "$(TARGET_NAME)";
				SWIFT_EMIT_LOC_STRINGS = YES;
				SWIFT_VERSION = 5.0;
			};
			name = Release;
		};
/* End XCBuildConfiguration section */

/* Begin XCConfigurationList section */
		A4B8C0952A1D3438008FE8BE /* Build configuration list for PBXProject "challengeMacarronada" */ = {
			isa = XCConfigurationList;
			buildConfigurations = (
				A4B8C0A72A1D343A008FE8BE /* Debug */,
				A4B8C0A82A1D343A008FE8BE /* Release */,
			);
			defaultConfigurationIsVisible = 0;
			defaultConfigurationName = Release;
		};
		A4B8C0A92A1D343A008FE8BE /* Build configuration list for PBXNativeTarget "challengeMacarronada" */ = {
			isa = XCConfigurationList;
			buildConfigurations = (
				A4B8C0AA2A1D343A008FE8BE /* Debug */,
				A4B8C0AB2A1D343A008FE8BE /* Release */,
			);
			defaultConfigurationIsVisible = 0;
			defaultConfigurationName = Release;
		};
/* End XCConfigurationList section */
	};
	rootObject = A4B8C0922A1D3438008FE8BE /* Project object */;
}
