// !$*UTF8*$!
{
	archiveVersion = 1;
	classes = {
	};
	objectVersion = 56;
	objects = {

/* Begin PBXBuildFile section */
		A4B8C09E2A1D3438008FE8BE /* challengeMacarronadaApp.swift in Sources */ = {isa = PBXBuildFile; fileRef = A4B8C09D2A1D3438008FE8BE /* challengeMacarronadaApp.swift */; };
		A4B8C0A02A1D3438008FE8BE /* ContentView.swift in Sources */ = {isa = PBXBuildFile; fileRef = A4B8C09F2A1D3438008FE8BE /* ContentView.swift */; };
		A4B8C0A22A1D343A008FE8BE /* Assets.xcassets in Resources */ = {isa = PBXBuildFile; fileRef = A4B8C0A12A1D343A008FE8BE /* Assets.xcassets */; };
		A4B8C0A52A1D343A008FE8BE /* Preview Assets.xcassets in Resources */ = {isa = PBXBuildFile; fileRef = A4B8C0A42A1D343A008FE8BE /* Preview Assets.xcassets */; };
		A4B8C0AE2A1D3661008FE8BE /* Image.swift in Sources */ = {isa = PBXBuildFile; fileRef = A4B8C0AD2A1D3661008FE8BE /* Image.swift */; };
		A4B8C0B02A1D3C16008FE8BE /* Color.swift in Sources */ = {isa = PBXBuildFile; fileRef = A4B8C0AF2A1D3C16008FE8BE /* Color.swift */; };
		A4F477902A27A60B00E93482 /* DataController.swift in Sources */ = {isa = PBXBuildFile; fileRef = A4F4778F2A27A60B00E93482 /* DataController.swift */; };
		A4F477932A27A62300E93482 /* DataModel.xcdatamodeld in Sources */ = {isa = PBXBuildFile; fileRef = A4F477912A27A62300E93482 /* DataModel.xcdatamodeld */; };
		A4F477952A27A87D00E93482 /* Triangle.swift in Sources */ = {isa = PBXBuildFile; fileRef = A4F477942A27A87D00E93482 /* Triangle.swift */; };
		A4F477972A27A88B00E93482 /* Date.swift in Sources */ = {isa = PBXBuildFile; fileRef = A4F477962A27A88B00E93482 /* Date.swift */; };
		A4F4779D2A27A8CD00E93482 /* enumSegmented.swift in Sources */ = {isa = PBXBuildFile; fileRef = A4F4779A2A27A8CD00E93482 /* enumSegmented.swift */; };
		A4F4779E2A27A8CD00E93482 /* enumHours.swift in Sources */ = {isa = PBXBuildFile; fileRef = A4F4779B2A27A8CD00E93482 /* enumHours.swift */; };
		A4F4779F2A27A8CD00E93482 /* enumTypeOfFilter.swift in Sources */ = {isa = PBXBuildFile; fileRef = A4F4779C2A27A8CD00E93482 /* enumTypeOfFilter.swift */; };
		A4F477A32A27A92B00E93482 /* InfoHourCalculator.swift in Sources */ = {isa = PBXBuildFile; fileRef = A4F477A12A27A92B00E93482 /* InfoHourCalculator.swift */; };
		A4F477A42A27A92B00E93482 /* DataFormat.swift in Sources */ = {isa = PBXBuildFile; fileRef = A4F477A22A27A92B00E93482 /* DataFormat.swift */; };
		A4F477A72A27A97A00E93482 /* GraphViewModel.swift in Sources */ = {isa = PBXBuildFile; fileRef = A4F477A62A27A97A00E93482 /* GraphViewModel.swift */; };
		A4F477AA2A27A99700E93482 /* RatingCircleComponent.swift in Sources */ = {isa = PBXBuildFile; fileRef = A4F477A82A27A99700E93482 /* RatingCircleComponent.swift */; };
		A4F477AB2A27A99700E93482 /* SelectAvaliationCircle.swift in Sources */ = {isa = PBXBuildFile; fileRef = A4F477A92A27A99700E93482 /* SelectAvaliationCircle.swift */; };
		A4F477AE2A27C81500E93482 /* AxisSegmentedView in Frameworks */ = {isa = PBXBuildFile; productRef = A4F477AD2A27C81500E93482 /* AxisSegmentedView */; };
		C01025122A27E17A003AD654 /* Manrope-Bold.ttf in Resources */ = {isa = PBXBuildFile; fileRef = C097F02A2A27B1F7005FA136 /* Manrope-Bold.ttf */; };
		C01025132A27E17E003AD654 /* Manrope-ExtraBold.ttf in Resources */ = {isa = PBXBuildFile; fileRef = C097F02B2A27B1F7005FA136 /* Manrope-ExtraBold.ttf */; };
		C01025142A27E181003AD654 /* Manrope-ExtraLight.ttf in Resources */ = {isa = PBXBuildFile; fileRef = C097F02E2A27B1F7005FA136 /* Manrope-ExtraLight.ttf */; };
		C01025152A27E185003AD654 /* Manrope-Light.ttf in Resources */ = {isa = PBXBuildFile; fileRef = C097F02D2A27B1F7005FA136 /* Manrope-Light.ttf */; };
		C01025162A27E188003AD654 /* Manrope-Medium.ttf in Resources */ = {isa = PBXBuildFile; fileRef = C097F0292A27B1F7005FA136 /* Manrope-Medium.ttf */; };
		C01025172A27E18B003AD654 /* Manrope-Regular.ttf in Resources */ = {isa = PBXBuildFile; fileRef = C097F02C2A27B1F7005FA136 /* Manrope-Regular.ttf */; };
		C01025182A27E191003AD654 /* Manrope-SemiBold.ttf in Resources */ = {isa = PBXBuildFile; fileRef = C097F02F2A27B1F7005FA136 /* Manrope-SemiBold.ttf */; };
		C06A58532A1FEDC2008FCF2F /* Shift in Frameworks */ = {isa = PBXBuildFile; productRef = C06A58522A1FEDC2008FCF2F /* Shift */; };
		C06A58552A1FEE26008FCF2F /* CalendarEventView.swift in Sources */ = {isa = PBXBuildFile; fileRef = C06A58542A1FEE26008FCF2F /* CalendarEventView.swift */; };
		C06A58572A2129D7008FCF2F /* CalendarViewModel.swift in Sources */ = {isa = PBXBuildFile; fileRef = C06A58562A2129D7008FCF2F /* CalendarViewModel.swift */; };
		C06A585C2A213007008FCF2F /* AboutBPTime.swift in Sources */ = {isa = PBXBuildFile; fileRef = C06A585B2A213007008FCF2F /* AboutBPTime.swift */; };
		C06A585E2A21411C008FCF2F /* NotificationScreen.swift in Sources */ = {isa = PBXBuildFile; fileRef = C06A585D2A21411C008FCF2F /* NotificationScreen.swift */; };
		C06A58632A250F39008FCF2F /* CalendarScreen.swift in Sources */ = {isa = PBXBuildFile; fileRef = C06A58622A250F39008FCF2F /* CalendarScreen.swift */; };
		C06A58662A2510B3008FCF2F /* BlueButtonStyle.swift in Sources */ = {isa = PBXBuildFile; fileRef = C06A58652A2510B3008FCF2F /* BlueButtonStyle.swift */; };
		C06A58682A251645008FCF2F /* PurpleButtonStyle.swift in Sources */ = {isa = PBXBuildFile; fileRef = C06A58672A251645008FCF2F /* PurpleButtonStyle.swift */; };
		C06A586A2A252083008FCF2F /* WhiteButtonStyle.swift in Sources */ = {isa = PBXBuildFile; fileRef = C06A58692A252083008FCF2F /* WhiteButtonStyle.swift */; };
		C06A586C2A252210008FCF2F /* HomeView.swift in Sources */ = {isa = PBXBuildFile; fileRef = C06A586B2A252210008FCF2F /* HomeView.swift */; };
		C06A586F2A253838008FCF2F /* Coordinator.swift in Sources */ = {isa = PBXBuildFile; fileRef = C06A586E2A253838008FCF2F /* Coordinator.swift */; };
		C06A58712A253A2B008FCF2F /* CoordinatorView.swift in Sources */ = {isa = PBXBuildFile; fileRef = C06A58702A253A2B008FCF2F /* CoordinatorView.swift */; };
		C06A58732A253E4B008FCF2F /* Text.swift in Sources */ = {isa = PBXBuildFile; fileRef = C06A58722A253E4B008FCF2F /* Text.swift */; };
		C06A58762A267E02008FCF2F /* StatusMenuView.swift in Sources */ = {isa = PBXBuildFile; fileRef = C06A58752A267E02008FCF2F /* StatusMenuView.swift */; };
		C06A58792A268272008FCF2F /* MenuBarButtonType.swift in Sources */ = {isa = PBXBuildFile; fileRef = C06A58782A268272008FCF2F /* MenuBarButtonType.swift */; };
		C06A587C2A26839E008FCF2F /* ButtonTypeStyle.swift in Sources */ = {isa = PBXBuildFile; fileRef = C06A587B2A26839E008FCF2F /* ButtonTypeStyle.swift */; };
		C0CA287F2A27C03B009A76CD /* Fonts.swift in Sources */ = {isa = PBXBuildFile; fileRef = C0CA287E2A27C03B009A76CD /* Fonts.swift */; };
/* End PBXBuildFile section */

/* Begin PBXFileReference section */
		A4B8C09A2A1D3438008FE8BE /* challengeMacarronada.app */ = {isa = PBXFileReference; explicitFileType = wrapper.application; includeInIndex = 0; path = challengeMacarronada.app; sourceTree = BUILT_PRODUCTS_DIR; };
		A4B8C09D2A1D3438008FE8BE /* challengeMacarronadaApp.swift */ = {isa = PBXFileReference; lastKnownFileType = sourcecode.swift; path = challengeMacarronadaApp.swift; sourceTree = "<group>"; };
		A4B8C09F2A1D3438008FE8BE /* ContentView.swift */ = {isa = PBXFileReference; lastKnownFileType = sourcecode.swift; path = ContentView.swift; sourceTree = "<group>"; };
		A4B8C0A12A1D343A008FE8BE /* Assets.xcassets */ = {isa = PBXFileReference; lastKnownFileType = folder.assetcatalog; path = Assets.xcassets; sourceTree = "<group>"; };
		A4B8C0A42A1D343A008FE8BE /* Preview Assets.xcassets */ = {isa = PBXFileReference; lastKnownFileType = folder.assetcatalog; path = "Preview Assets.xcassets"; sourceTree = "<group>"; };
		A4B8C0A62A1D343A008FE8BE /* challengeMacarronada.entitlements */ = {isa = PBXFileReference; lastKnownFileType = text.plist.entitlements; path = challengeMacarronada.entitlements; sourceTree = "<group>"; };
		A4B8C0AD2A1D3661008FE8BE /* Image.swift */ = {isa = PBXFileReference; lastKnownFileType = sourcecode.swift; path = Image.swift; sourceTree = "<group>"; };
		A4B8C0AF2A1D3C16008FE8BE /* Color.swift */ = {isa = PBXFileReference; lastKnownFileType = sourcecode.swift; path = Color.swift; sourceTree = "<group>"; };
		A4F4778F2A27A60B00E93482 /* DataController.swift */ = {isa = PBXFileReference; lastKnownFileType = sourcecode.swift; path = DataController.swift; sourceTree = "<group>"; };
		A4F477922A27A62300E93482 /* DataModel.xcdatamodel */ = {isa = PBXFileReference; lastKnownFileType = wrapper.xcdatamodel; path = DataModel.xcdatamodel; sourceTree = "<group>"; };
		A4F477942A27A87D00E93482 /* Triangle.swift */ = {isa = PBXFileReference; fileEncoding = 4; lastKnownFileType = sourcecode.swift; path = Triangle.swift; sourceTree = "<group>"; };
		A4F477962A27A88B00E93482 /* Date.swift */ = {isa = PBXFileReference; fileEncoding = 4; lastKnownFileType = sourcecode.swift; path = Date.swift; sourceTree = "<group>"; };
		A4F4779A2A27A8CD00E93482 /* enumSegmented.swift */ = {isa = PBXFileReference; fileEncoding = 4; lastKnownFileType = sourcecode.swift; path = enumSegmented.swift; sourceTree = "<group>"; };
		A4F4779B2A27A8CD00E93482 /* enumHours.swift */ = {isa = PBXFileReference; fileEncoding = 4; lastKnownFileType = sourcecode.swift; path = enumHours.swift; sourceTree = "<group>"; };
		A4F4779C2A27A8CD00E93482 /* enumTypeOfFilter.swift */ = {isa = PBXFileReference; fileEncoding = 4; lastKnownFileType = sourcecode.swift; path = enumTypeOfFilter.swift; sourceTree = "<group>"; };
		A4F477A12A27A92B00E93482 /* InfoHourCalculator.swift */ = {isa = PBXFileReference; fileEncoding = 4; lastKnownFileType = sourcecode.swift; path = InfoHourCalculator.swift; sourceTree = "<group>"; };
		A4F477A22A27A92B00E93482 /* DataFormat.swift */ = {isa = PBXFileReference; fileEncoding = 4; lastKnownFileType = sourcecode.swift; path = DataFormat.swift; sourceTree = "<group>"; };
		A4F477A62A27A97A00E93482 /* GraphViewModel.swift */ = {isa = PBXFileReference; fileEncoding = 4; lastKnownFileType = sourcecode.swift; path = GraphViewModel.swift; sourceTree = "<group>"; };
		A4F477A82A27A99700E93482 /* RatingCircleComponent.swift */ = {isa = PBXFileReference; fileEncoding = 4; lastKnownFileType = sourcecode.swift; path = RatingCircleComponent.swift; sourceTree = "<group>"; };
		A4F477A92A27A99700E93482 /* SelectAvaliationCircle.swift */ = {isa = PBXFileReference; fileEncoding = 4; lastKnownFileType = sourcecode.swift; path = SelectAvaliationCircle.swift; sourceTree = "<group>"; };
		C06A58542A1FEE26008FCF2F /* CalendarEventView.swift */ = {isa = PBXFileReference; lastKnownFileType = sourcecode.swift; path = CalendarEventView.swift; sourceTree = "<group>"; };
		C06A58562A2129D7008FCF2F /* CalendarViewModel.swift */ = {isa = PBXFileReference; lastKnownFileType = sourcecode.swift; path = CalendarViewModel.swift; sourceTree = "<group>"; };
		C06A585B2A213007008FCF2F /* AboutBPTime.swift */ = {isa = PBXFileReference; lastKnownFileType = sourcecode.swift; path = AboutBPTime.swift; sourceTree = "<group>"; };
		C06A585D2A21411C008FCF2F /* NotificationScreen.swift */ = {isa = PBXFileReference; lastKnownFileType = sourcecode.swift; path = NotificationScreen.swift; sourceTree = "<group>"; };
		C06A58622A250F39008FCF2F /* CalendarScreen.swift */ = {isa = PBXFileReference; lastKnownFileType = sourcecode.swift; path = CalendarScreen.swift; sourceTree = "<group>"; };
		C06A58652A2510B3008FCF2F /* BlueButtonStyle.swift */ = {isa = PBXFileReference; lastKnownFileType = sourcecode.swift; path = BlueButtonStyle.swift; sourceTree = "<group>"; };
		C06A58672A251645008FCF2F /* PurpleButtonStyle.swift */ = {isa = PBXFileReference; lastKnownFileType = sourcecode.swift; path = PurpleButtonStyle.swift; sourceTree = "<group>"; };
		C06A58692A252083008FCF2F /* WhiteButtonStyle.swift */ = {isa = PBXFileReference; lastKnownFileType = sourcecode.swift; path = WhiteButtonStyle.swift; sourceTree = "<group>"; };
		C06A586B2A252210008FCF2F /* HomeView.swift */ = {isa = PBXFileReference; lastKnownFileType = sourcecode.swift; path = HomeView.swift; sourceTree = "<group>"; };
		C06A586E2A253838008FCF2F /* Coordinator.swift */ = {isa = PBXFileReference; lastKnownFileType = sourcecode.swift; path = Coordinator.swift; sourceTree = "<group>"; };
		C06A58702A253A2B008FCF2F /* CoordinatorView.swift */ = {isa = PBXFileReference; lastKnownFileType = sourcecode.swift; path = CoordinatorView.swift; sourceTree = "<group>"; };
		C06A58722A253E4B008FCF2F /* Text.swift */ = {isa = PBXFileReference; lastKnownFileType = sourcecode.swift; path = Text.swift; sourceTree = "<group>"; };
		C06A58752A267E02008FCF2F /* StatusMenuView.swift */ = {isa = PBXFileReference; fileEncoding = 4; lastKnownFileType = sourcecode.swift; path = StatusMenuView.swift; sourceTree = "<group>"; };
		C06A58782A268272008FCF2F /* MenuBarButtonType.swift */ = {isa = PBXFileReference; lastKnownFileType = sourcecode.swift; path = MenuBarButtonType.swift; sourceTree = "<group>"; };
		C06A587B2A26839E008FCF2F /* ButtonTypeStyle.swift */ = {isa = PBXFileReference; lastKnownFileType = sourcecode.swift; path = ButtonTypeStyle.swift; sourceTree = "<group>"; };
		C097F0292A27B1F7005FA136 /* Manrope-Medium.ttf */ = {isa = PBXFileReference; lastKnownFileType = file; path = "Manrope-Medium.ttf"; sourceTree = "<group>"; };
		C097F02A2A27B1F7005FA136 /* Manrope-Bold.ttf */ = {isa = PBXFileReference; lastKnownFileType = file; path = "Manrope-Bold.ttf"; sourceTree = "<group>"; };
		C097F02B2A27B1F7005FA136 /* Manrope-ExtraBold.ttf */ = {isa = PBXFileReference; lastKnownFileType = file; path = "Manrope-ExtraBold.ttf"; sourceTree = "<group>"; };
		C097F02C2A27B1F7005FA136 /* Manrope-Regular.ttf */ = {isa = PBXFileReference; lastKnownFileType = file; path = "Manrope-Regular.ttf"; sourceTree = "<group>"; };
		C097F02D2A27B1F7005FA136 /* Manrope-Light.ttf */ = {isa = PBXFileReference; lastKnownFileType = file; path = "Manrope-Light.ttf"; sourceTree = "<group>"; };
		C097F02E2A27B1F7005FA136 /* Manrope-ExtraLight.ttf */ = {isa = PBXFileReference; lastKnownFileType = file; path = "Manrope-ExtraLight.ttf"; sourceTree = "<group>"; };
		C097F02F2A27B1F7005FA136 /* Manrope-SemiBold.ttf */ = {isa = PBXFileReference; lastKnownFileType = file; path = "Manrope-SemiBold.ttf"; sourceTree = "<group>"; };
		C097F0302A27B628005FA136 /* Info.plist */ = {isa = PBXFileReference; lastKnownFileType = text.plist; path = Info.plist; sourceTree = "<group>"; };
		C0CA287E2A27C03B009A76CD /* Fonts.swift */ = {isa = PBXFileReference; lastKnownFileType = sourcecode.swift; path = Fonts.swift; sourceTree = "<group>"; };
/* End PBXFileReference section */

/* Begin PBXFrameworksBuildPhase section */
		A4B8C0972A1D3438008FE8BE /* Frameworks */ = {
			isa = PBXFrameworksBuildPhase;
			buildActionMask = 2147483647;
			files = (
				C06A58532A1FEDC2008FCF2F /* Shift in Frameworks */,
				A4F477AE2A27C81500E93482 /* AxisSegmentedView in Frameworks */,
			);
			runOnlyForDeploymentPostprocessing = 0;
		};
/* End PBXFrameworksBuildPhase section */

/* Begin PBXGroup section */
		A4B8C0912A1D3438008FE8BE = {
			isa = PBXGroup;
			children = (
				A4B8C09C2A1D3438008FE8BE /* challengeMacarronada */,
				A4B8C09B2A1D3438008FE8BE /* Products */,
			);
			sourceTree = "<group>";
		};
		A4B8C09B2A1D3438008FE8BE /* Products */ = {
			isa = PBXGroup;
			children = (
				A4B8C09A2A1D3438008FE8BE /* challengeMacarronada.app */,
			);
			name = Products;
			sourceTree = "<group>";
		};
		A4B8C09C2A1D3438008FE8BE /* challengeMacarronada */ = {
			isa = PBXGroup;
			children = (
				C097F0302A27B628005FA136 /* Info.plist */,
				C097F0282A27B1DA005FA136 /* Fonts */,
				A4F477A52A27A96A00E93482 /* ViewModel */,
				A4F477A02A27A91B00E93482 /* Utils */,
				A4F4778E2A27A5E400E93482 /* CoreData */,
				C06A587A2A268384008FCF2F /* Enum */,
				C06A58772A26824F008FCF2F /* Components */,
				C06A58742A267DE0008FCF2F /* Menu Bar */,
				C06A586D2A253824008FCF2F /* Coordinator */,
				C06A58642A251095008FCF2F /* Style */,
				C06A585A2A212FA8008FCF2F /* Onboarding */,
				A4B8C0AC2A1D3651008FE8BE /* Extensions */,
				C06A584E2A1FDE5E008FCF2F /* CalendarEvent */,
				A4B8C09D2A1D3438008FE8BE /* challengeMacarronadaApp.swift */,
				A4B8C09F2A1D3438008FE8BE /* ContentView.swift */,
				A4B8C0A12A1D343A008FE8BE /* Assets.xcassets */,
				A4B8C0A62A1D343A008FE8BE /* challengeMacarronada.entitlements */,
				A4B8C0A32A1D343A008FE8BE /* Preview Content */,
				C06A586B2A252210008FCF2F /* HomeView.swift */,
			);
			path = challengeMacarronada;
			sourceTree = "<group>";
		};
		A4B8C0A32A1D343A008FE8BE /* Preview Content */ = {
			isa = PBXGroup;
			children = (
				A4B8C0A42A1D343A008FE8BE /* Preview Assets.xcassets */,
			);
			path = "Preview Content";
			sourceTree = "<group>";
		};
		A4B8C0AC2A1D3651008FE8BE /* Extensions */ = {
			isa = PBXGroup;
			children = (
				A4F477962A27A88B00E93482 /* Date.swift */,
				A4B8C0AD2A1D3661008FE8BE /* Image.swift */,
				A4B8C0AF2A1D3C16008FE8BE /* Color.swift */,
				C06A58722A253E4B008FCF2F /* Text.swift */,
				A4F477942A27A87D00E93482 /* Triangle.swift */,
				C0CA287E2A27C03B009A76CD /* Fonts.swift */,
			);
			path = Extensions;
			sourceTree = "<group>";
		};
		A4F4778E2A27A5E400E93482 /* CoreData */ = {
			isa = PBXGroup;
			children = (
				A4F4778F2A27A60B00E93482 /* DataController.swift */,
				A4F477912A27A62300E93482 /* DataModel.xcdatamodeld */,
			);
			path = CoreData;
			sourceTree = "<group>";
		};
		A4F477A02A27A91B00E93482 /* Utils */ = {
			isa = PBXGroup;
			children = (
				A4F477A22A27A92B00E93482 /* DataFormat.swift */,
				A4F477A12A27A92B00E93482 /* InfoHourCalculator.swift */,
			);
			path = Utils;
			sourceTree = "<group>";
		};
		A4F477A52A27A96A00E93482 /* ViewModel */ = {
			isa = PBXGroup;
			children = (
				A4F477A62A27A97A00E93482 /* GraphViewModel.swift */,
			);
			path = ViewModel;
			sourceTree = "<group>";
		};
		C06A584E2A1FDE5E008FCF2F /* CalendarEvent */ = {
			isa = PBXGroup;
			children = (
				C06A58542A1FEE26008FCF2F /* CalendarEventView.swift */,
				C06A58562A2129D7008FCF2F /* CalendarViewModel.swift */,
			);
			path = CalendarEvent;
			sourceTree = "<group>";
		};
		C06A585A2A212FA8008FCF2F /* Onboarding */ = {
			isa = PBXGroup;
			children = (
				C06A585B2A213007008FCF2F /* AboutBPTime.swift */,
				C06A585D2A21411C008FCF2F /* NotificationScreen.swift */,
				C06A58622A250F39008FCF2F /* CalendarScreen.swift */,
			);
			path = Onboarding;
			sourceTree = "<group>";
		};
		C06A58642A251095008FCF2F /* Style */ = {
			isa = PBXGroup;
			children = (
				C06A58652A2510B3008FCF2F /* BlueButtonStyle.swift */,
				C06A58672A251645008FCF2F /* PurpleButtonStyle.swift */,
				C06A58692A252083008FCF2F /* WhiteButtonStyle.swift */,
			);
			path = Style;
			sourceTree = "<group>";
		};
		C06A586D2A253824008FCF2F /* Coordinator */ = {
			isa = PBXGroup;
			children = (
				C06A586E2A253838008FCF2F /* Coordinator.swift */,
				C06A58702A253A2B008FCF2F /* CoordinatorView.swift */,
			);
			path = Coordinator;
			sourceTree = "<group>";
		};
		C06A58742A267DE0008FCF2F /* Menu Bar */ = {
			isa = PBXGroup;
			children = (
				C06A58752A267E02008FCF2F /* StatusMenuView.swift */,
			);
			path = "Menu Bar";
			sourceTree = "<group>";
		};
		C06A58772A26824F008FCF2F /* Components */ = {
			isa = PBXGroup;
			children = (
				A4F477A82A27A99700E93482 /* RatingCircleComponent.swift */,
				A4F477A92A27A99700E93482 /* SelectAvaliationCircle.swift */,
				C06A58782A268272008FCF2F /* MenuBarButtonType.swift */,
			);
			path = Components;
			sourceTree = "<group>";
		};
		C06A587A2A268384008FCF2F /* Enum */ = {
			isa = PBXGroup;
			children = (
				A4F4779B2A27A8CD00E93482 /* enumHours.swift */,
				A4F4779A2A27A8CD00E93482 /* enumSegmented.swift */,
				A4F4779C2A27A8CD00E93482 /* enumTypeOfFilter.swift */,
				C06A587B2A26839E008FCF2F /* ButtonTypeStyle.swift */,
			);
			path = Enum;
			sourceTree = "<group>";
		};
		C097F0282A27B1DA005FA136 /* Fonts */ = {
			isa = PBXGroup;
			children = (
				C097F02A2A27B1F7005FA136 /* Manrope-Bold.ttf */,
				C097F02B2A27B1F7005FA136 /* Manrope-ExtraBold.ttf */,
				C097F02E2A27B1F7005FA136 /* Manrope-ExtraLight.ttf */,
				C097F02D2A27B1F7005FA136 /* Manrope-Light.ttf */,
				C097F0292A27B1F7005FA136 /* Manrope-Medium.ttf */,
				C097F02C2A27B1F7005FA136 /* Manrope-Regular.ttf */,
				C097F02F2A27B1F7005FA136 /* Manrope-SemiBold.ttf */,
			);
			path = Fonts;
			sourceTree = "<group>";
		};
/* End PBXGroup section */

/* Begin PBXNativeTarget section */
		A4B8C0992A1D3438008FE8BE /* challengeMacarronada */ = {
			isa = PBXNativeTarget;
			buildConfigurationList = A4B8C0A92A1D343A008FE8BE /* Build configuration list for PBXNativeTarget "challengeMacarronada" */;
			buildPhases = (
				A4B8C0962A1D3438008FE8BE /* Sources */,
				A4B8C0972A1D3438008FE8BE /* Frameworks */,
				A4B8C0982A1D3438008FE8BE /* Resources */,
			);
			buildRules = (
			);
			dependencies = (
			);
			name = challengeMacarronada;
			packageProductDependencies = (
				C06A58522A1FEDC2008FCF2F /* Shift */,
				A4F477AD2A27C81500E93482 /* AxisSegmentedView */,
			);
			productName = challengeMacarronada;
			productReference = A4B8C09A2A1D3438008FE8BE /* challengeMacarronada.app */;
			productType = "com.apple.product-type.application";
		};
/* End PBXNativeTarget section */

/* Begin PBXProject section */
		A4B8C0922A1D3438008FE8BE /* Project object */ = {
			isa = PBXProject;
			attributes = {
				BuildIndependentTargetsInParallel = 1;
				LastSwiftUpdateCheck = 1420;
				LastUpgradeCheck = 1420;
				TargetAttributes = {
					A4B8C0992A1D3438008FE8BE = {
						CreatedOnToolsVersion = 14.2;
					};
				};
			};
			buildConfigurationList = A4B8C0952A1D3438008FE8BE /* Build configuration list for PBXProject "challengeMacarronada" */;
			compatibilityVersion = "Xcode 14.0";
			developmentRegion = en;
			hasScannedForEncodings = 0;
			knownRegions = (
				en,
				Base,
			);
			mainGroup = A4B8C0912A1D3438008FE8BE;
			packageReferences = (
				C06A58512A1FEDC2008FCF2F /* XCRemoteSwiftPackageReference "Shift" */,
				A4F477AC2A27C81500E93482 /* XCRemoteSwiftPackageReference "AxisSegmentedView" */,
			);
			productRefGroup = A4B8C09B2A1D3438008FE8BE /* Products */;
			projectDirPath = "";
			projectRoot = "";
			targets = (
				A4B8C0992A1D3438008FE8BE /* challengeMacarronada */,
			);
		};
/* End PBXProject section */

/* Begin PBXResourcesBuildPhase section */
		A4B8C0982A1D3438008FE8BE /* Resources */ = {
			isa = PBXResourcesBuildPhase;
			buildActionMask = 2147483647;
			files = (
				C01025172A27E18B003AD654 /* Manrope-Regular.ttf in Resources */,
				A4B8C0A52A1D343A008FE8BE /* Preview Assets.xcassets in Resources */,
				C01025132A27E17E003AD654 /* Manrope-ExtraBold.ttf in Resources */,
				C01025122A27E17A003AD654 /* Manrope-Bold.ttf in Resources */,
				C01025182A27E191003AD654 /* Manrope-SemiBold.ttf in Resources */,
				C01025162A27E188003AD654 /* Manrope-Medium.ttf in Resources */,
				A4B8C0A22A1D343A008FE8BE /* Assets.xcassets in Resources */,
				C01025152A27E185003AD654 /* Manrope-Light.ttf in Resources */,
				C01025142A27E181003AD654 /* Manrope-ExtraLight.ttf in Resources */,
			);
			runOnlyForDeploymentPostprocessing = 0;
		};
/* End PBXResourcesBuildPhase section */

/* Begin PBXSourcesBuildPhase section */
		A4B8C0962A1D3438008FE8BE /* Sources */ = {
			isa = PBXSourcesBuildPhase;
			buildActionMask = 2147483647;
			files = (
				A4F477972A27A88B00E93482 /* Date.swift in Sources */,
				C06A587C2A26839E008FCF2F /* ButtonTypeStyle.swift in Sources */,
				A4F477AA2A27A99700E93482 /* RatingCircleComponent.swift in Sources */,
				C06A585C2A213007008FCF2F /* AboutBPTime.swift in Sources */,
				C06A58712A253A2B008FCF2F /* CoordinatorView.swift in Sources */,
				A4F477932A27A62300E93482 /* DataModel.xcdatamodeld in Sources */,
				C06A58792A268272008FCF2F /* MenuBarButtonType.swift in Sources */,
				A4F4779F2A27A8CD00E93482 /* enumTypeOfFilter.swift in Sources */,
				C06A58572A2129D7008FCF2F /* CalendarViewModel.swift in Sources */,
				A4F477902A27A60B00E93482 /* DataController.swift in Sources */,
				A4F477952A27A87D00E93482 /* Triangle.swift in Sources */,
				C06A586C2A252210008FCF2F /* HomeView.swift in Sources */,
				C06A585E2A21411C008FCF2F /* NotificationScreen.swift in Sources */,
				C06A586A2A252083008FCF2F /* WhiteButtonStyle.swift in Sources */,
				C06A58552A1FEE26008FCF2F /* CalendarEventView.swift in Sources */,
				C06A586F2A253838008FCF2F /* Coordinator.swift in Sources */,
				C0CA287F2A27C03B009A76CD /* Fonts.swift in Sources */,
				A4F4779D2A27A8CD00E93482 /* enumSegmented.swift in Sources */,
				A4F477A32A27A92B00E93482 /* InfoHourCalculator.swift in Sources */,
				A4B8C0A02A1D3438008FE8BE /* ContentView.swift in Sources */,
				A4F477A42A27A92B00E93482 /* DataFormat.swift in Sources */,
				C06A58762A267E02008FCF2F /* StatusMenuView.swift in Sources */,
				A4B8C0B02A1D3C16008FE8BE /* Color.swift in Sources */,
				C06A58732A253E4B008FCF2F /* Text.swift in Sources */,
				A4F477A72A27A97A00E93482 /* GraphViewModel.swift in Sources */,
				A4F4779E2A27A8CD00E93482 /* enumHours.swift in Sources */,
				A4B8C0AE2A1D3661008FE8BE /* Image.swift in Sources */,
				C06A58632A250F39008FCF2F /* CalendarScreen.swift in Sources */,
				C06A58662A2510B3008FCF2F /* BlueButtonStyle.swift in Sources */,
				A4B8C09E2A1D3438008FE8BE /* challengeMacarronadaApp.swift in Sources */,
				A4F477AB2A27A99700E93482 /* SelectAvaliationCircle.swift in Sources */,
				C06A58682A251645008FCF2F /* PurpleButtonStyle.swift in Sources */,
			);
			runOnlyForDeploymentPostprocessing = 0;
		};
/* End PBXSourcesBuildPhase section */

/* Begin XCBuildConfiguration section */
		A4B8C0A72A1D343A008FE8BE /* Debug */ = {
			isa = XCBuildConfiguration;
			buildSettings = {
				ALWAYS_SEARCH_USER_PATHS = NO;
				CLANG_ANALYZER_NONNULL = YES;
				CLANG_ANALYZER_NUMBER_OBJECT_CONVERSION = YES_AGGRESSIVE;
				CLANG_CXX_LANGUAGE_STANDARD = "gnu++20";
				CLANG_ENABLE_MODULES = YES;
				CLANG_ENABLE_OBJC_ARC = YES;
				CLANG_ENABLE_OBJC_WEAK = YES;
				CLANG_WARN_BLOCK_CAPTURE_AUTORELEASING = YES;
				CLANG_WARN_BOOL_CONVERSION = YES;
				CLANG_WARN_COMMA = YES;
				CLANG_WARN_CONSTANT_CONVERSION = YES;
				CLANG_WARN_DEPRECATED_OBJC_IMPLEMENTATIONS = YES;
				CLANG_WARN_DIRECT_OBJC_ISA_USAGE = YES_ERROR;
				CLANG_WARN_DOCUMENTATION_COMMENTS = YES;
				CLANG_WARN_EMPTY_BODY = YES;
				CLANG_WARN_ENUM_CONVERSION = YES;
				CLANG_WARN_INFINITE_RECURSION = YES;
				CLANG_WARN_INT_CONVERSION = YES;
				CLANG_WARN_NON_LITERAL_NULL_CONVERSION = YES;
				CLANG_WARN_OBJC_IMPLICIT_RETAIN_SELF = YES;
				CLANG_WARN_OBJC_LITERAL_CONVERSION = YES;
				CLANG_WARN_OBJC_ROOT_CLASS = YES_ERROR;
				CLANG_WARN_QUOTED_INCLUDE_IN_FRAMEWORK_HEADER = YES;
				CLANG_WARN_RANGE_LOOP_ANALYSIS = YES;
				CLANG_WARN_STRICT_PROTOTYPES = YES;
				CLANG_WARN_SUSPICIOUS_MOVE = YES;
				CLANG_WARN_UNGUARDED_AVAILABILITY = YES_AGGRESSIVE;
				CLANG_WARN_UNREACHABLE_CODE = YES;
				CLANG_WARN__DUPLICATE_METHOD_MATCH = YES;
				COPY_PHASE_STRIP = NO;
				DEBUG_INFORMATION_FORMAT = dwarf;
				ENABLE_STRICT_OBJC_MSGSEND = YES;
				ENABLE_TESTABILITY = YES;
				GCC_C_LANGUAGE_STANDARD = gnu11;
				GCC_DYNAMIC_NO_PIC = NO;
				GCC_NO_COMMON_BLOCKS = YES;
				GCC_OPTIMIZATION_LEVEL = 0;
				GCC_PREPROCESSOR_DEFINITIONS = (
					"DEBUG=1",
					"$(inherited)",
				);
				GCC_WARN_64_TO_32_BIT_CONVERSION = YES;
				GCC_WARN_ABOUT_RETURN_TYPE = YES_ERROR;
				GCC_WARN_UNDECLARED_SELECTOR = YES;
				GCC_WARN_UNINITIALIZED_AUTOS = YES_AGGRESSIVE;
				GCC_WARN_UNUSED_FUNCTION = YES;
				GCC_WARN_UNUSED_VARIABLE = YES;
				MACOSX_DEPLOYMENT_TARGET = 13.1;
				MTL_ENABLE_DEBUG_INFO = INCLUDE_SOURCE;
				MTL_FAST_MATH = YES;
				ONLY_ACTIVE_ARCH = YES;
				SDKROOT = macosx;
				SWIFT_ACTIVE_COMPILATION_CONDITIONS = DEBUG;
				SWIFT_OPTIMIZATION_LEVEL = "-Onone";
			};
			name = Debug;
		};
		A4B8C0A82A1D343A008FE8BE /* Release */ = {
			isa = XCBuildConfiguration;
			buildSettings = {
				ALWAYS_SEARCH_USER_PATHS = NO;
				CLANG_ANALYZER_NONNULL = YES;
				CLANG_ANALYZER_NUMBER_OBJECT_CONVERSION = YES_AGGRESSIVE;
				CLANG_CXX_LANGUAGE_STANDARD = "gnu++20";
				CLANG_ENABLE_MODULES = YES;
				CLANG_ENABLE_OBJC_ARC = YES;
				CLANG_ENABLE_OBJC_WEAK = YES;
				CLANG_WARN_BLOCK_CAPTURE_AUTORELEASING = YES;
				CLANG_WARN_BOOL_CONVERSION = YES;
				CLANG_WARN_COMMA = YES;
				CLANG_WARN_CONSTANT_CONVERSION = YES;
				CLANG_WARN_DEPRECATED_OBJC_IMPLEMENTATIONS = YES;
				CLANG_WARN_DIRECT_OBJC_ISA_USAGE = YES_ERROR;
				CLANG_WARN_DOCUMENTATION_COMMENTS = YES;
				CLANG_WARN_EMPTY_BODY = YES;
				CLANG_WARN_ENUM_CONVERSION = YES;
				CLANG_WARN_INFINITE_RECURSION = YES;
				CLANG_WARN_INT_CONVERSION = YES;
				CLANG_WARN_NON_LITERAL_NULL_CONVERSION = YES;
				CLANG_WARN_OBJC_IMPLICIT_RETAIN_SELF = YES;
				CLANG_WARN_OBJC_LITERAL_CONVERSION = YES;
				CLANG_WARN_OBJC_ROOT_CLASS = YES_ERROR;
				CLANG_WARN_QUOTED_INCLUDE_IN_FRAMEWORK_HEADER = YES;
				CLANG_WARN_RANGE_LOOP_ANALYSIS = YES;
				CLANG_WARN_STRICT_PROTOTYPES = YES;
				CLANG_WARN_SUSPICIOUS_MOVE = YES;
				CLANG_WARN_UNGUARDED_AVAILABILITY = YES_AGGRESSIVE;
				CLANG_WARN_UNREACHABLE_CODE = YES;
				CLANG_WARN__DUPLICATE_METHOD_MATCH = YES;
				COPY_PHASE_STRIP = NO;
				DEBUG_INFORMATION_FORMAT = "dwarf-with-dsym";
				ENABLE_NS_ASSERTIONS = NO;
				ENABLE_STRICT_OBJC_MSGSEND = YES;
				GCC_C_LANGUAGE_STANDARD = gnu11;
				GCC_NO_COMMON_BLOCKS = YES;
				GCC_WARN_64_TO_32_BIT_CONVERSION = YES;
				GCC_WARN_ABOUT_RETURN_TYPE = YES_ERROR;
				GCC_WARN_UNDECLARED_SELECTOR = YES;
				GCC_WARN_UNINITIALIZED_AUTOS = YES_AGGRESSIVE;
				GCC_WARN_UNUSED_FUNCTION = YES;
				GCC_WARN_UNUSED_VARIABLE = YES;
				MACOSX_DEPLOYMENT_TARGET = 13.1;
				MTL_ENABLE_DEBUG_INFO = NO;
				MTL_FAST_MATH = YES;
				SDKROOT = macosx;
				SWIFT_COMPILATION_MODE = wholemodule;
				SWIFT_OPTIMIZATION_LEVEL = "-O";
			};
			name = Release;
		};
		A4B8C0AA2A1D343A008FE8BE /* Debug */ = {
			isa = XCBuildConfiguration;
			buildSettings = {
				ASSETCATALOG_COMPILER_APPICON_NAME = AppIcon;
				ASSETCATALOG_COMPILER_GLOBAL_ACCENT_COLOR_NAME = AccentColor;
				CODE_SIGN_ENTITLEMENTS = challengeMacarronada/challengeMacarronada.entitlements;
				CODE_SIGN_STYLE = Automatic;
				COMBINE_HIDPI_IMAGES = YES;
				CURRENT_PROJECT_VERSION = 1;
				DEVELOPMENT_ASSET_PATHS = "\"challengeMacarronada/Preview Content\"";
				DEVELOPMENT_TEAM = 9YF48LKAWG;
				ENABLE_HARDENED_RUNTIME = YES;
				ENABLE_PREVIEWS = YES;
				GENERATE_INFOPLIST_FILE = YES;
				INFOPLIST_FILE = challengeMacarronada/Info.plist;
				INFOPLIST_KEY_NSCalendarsUsageDescription = "";
				INFOPLIST_KEY_NSHumanReadableCopyright = "";
				LD_RUNPATH_SEARCH_PATHS = (
					"$(inherited)",
					"@executable_path/../Frameworks",
				);
				MARKETING_VERSION = 1.0;
				PRODUCT_BUNDLE_IDENTIFIER = br.ufpe.cin.academy.challengeMacarronada;
				PRODUCT_NAME = "$(TARGET_NAME)";
				SWIFT_EMIT_LOC_STRINGS = YES;
				SWIFT_VERSION = 5.0;
			};
			name = Debug;
		};
		A4B8C0AB2A1D343A008FE8BE /* Release */ = {
			isa = XCBuildConfiguration;
			buildSettings = {
				ASSETCATALOG_COMPILER_APPICON_NAME = AppIcon;
				ASSETCATALOG_COMPILER_GLOBAL_ACCENT_COLOR_NAME = AccentColor;
				CODE_SIGN_ENTITLEMENTS = challengeMacarronada/challengeMacarronada.entitlements;
				CODE_SIGN_STYLE = Automatic;
				COMBINE_HIDPI_IMAGES = YES;
				CURRENT_PROJECT_VERSION = 1;
				DEVELOPMENT_ASSET_PATHS = "\"challengeMacarronada/Preview Content\"";
				DEVELOPMENT_TEAM = 9YF48LKAWG;
				ENABLE_HARDENED_RUNTIME = YES;
				ENABLE_PREVIEWS = YES;
				GENERATE_INFOPLIST_FILE = YES;
				INFOPLIST_FILE = challengeMacarronada/Info.plist;
				INFOPLIST_KEY_NSCalendarsUsageDescription = "";
				INFOPLIST_KEY_NSHumanReadableCopyright = "";
				LD_RUNPATH_SEARCH_PATHS = (
					"$(inherited)",
					"@executable_path/../Frameworks",
				);
				MARKETING_VERSION = 1.0;
				PRODUCT_BUNDLE_IDENTIFIER = br.ufpe.cin.academy.challengeMacarronada;
				PRODUCT_NAME = "$(TARGET_NAME)";
				SWIFT_EMIT_LOC_STRINGS = YES;
				SWIFT_VERSION = 5.0;
			};
			name = Release;
		};
/* End XCBuildConfiguration section */

/* Begin XCConfigurationList section */
		A4B8C0952A1D3438008FE8BE /* Build configuration list for PBXProject "challengeMacarronada" */ = {
			isa = XCConfigurationList;
			buildConfigurations = (
				A4B8C0A72A1D343A008FE8BE /* Debug */,
				A4B8C0A82A1D343A008FE8BE /* Release */,
			);
			defaultConfigurationIsVisible = 0;
			defaultConfigurationName = Release;
		};
		A4B8C0A92A1D343A008FE8BE /* Build configuration list for PBXNativeTarget "challengeMacarronada" */ = {
			isa = XCConfigurationList;
			buildConfigurations = (
				A4B8C0AA2A1D343A008FE8BE /* Debug */,
				A4B8C0AB2A1D343A008FE8BE /* Release */,
			);
			defaultConfigurationIsVisible = 0;
			defaultConfigurationName = Release;
		};
/* End XCConfigurationList section */

/* Begin XCRemoteSwiftPackageReference section */
		A4F477AC2A27C81500E93482 /* XCRemoteSwiftPackageReference "AxisSegmentedView" */ = {
			isa = XCRemoteSwiftPackageReference;
			repositoryURL = "https://github.com/jasudev/AxisSegmentedView";
			requirement = {
				kind = upToNextMajorVersion;
				minimumVersion = 0.5.2;
			};
		};
		C06A58512A1FEDC2008FCF2F /* XCRemoteSwiftPackageReference "Shift" */ = {
			isa = XCRemoteSwiftPackageReference;
			repositoryURL = "https://github.com/vinhnx/Shift";
			requirement = {
				kind = upToNextMajorVersion;
				minimumVersion = 0.9.0;
			};
		};
/* End XCRemoteSwiftPackageReference section */

/* Begin XCSwiftPackageProductDependency section */
		A4F477AD2A27C81500E93482 /* AxisSegmentedView */ = {
			isa = XCSwiftPackageProductDependency;
			package = A4F477AC2A27C81500E93482 /* XCRemoteSwiftPackageReference "AxisSegmentedView" */;
			productName = AxisSegmentedView;
		};
		C06A58522A1FEDC2008FCF2F /* Shift */ = {
			isa = XCSwiftPackageProductDependency;
			package = C06A58512A1FEDC2008FCF2F /* XCRemoteSwiftPackageReference "Shift" */;
			productName = Shift;
		};
/* End XCSwiftPackageProductDependency section */

/* Begin XCVersionGroup section */
		A4F477912A27A62300E93482 /* DataModel.xcdatamodeld */ = {
			isa = XCVersionGroup;
			children = (
				A4F477922A27A62300E93482 /* DataModel.xcdatamodel */,
			);
			currentVersion = A4F477922A27A62300E93482 /* DataModel.xcdatamodel */;
			path = DataModel.xcdatamodeld;
			sourceTree = "<group>";
			versionGroupType = wrapper.xcdatamodel;
		};
/* End XCVersionGroup section */
	};
	rootObject = A4B8C0922A1D3438008FE8BE /* Project object */;
}
